
Microsoft Visual Studio Solution File, Format Version 12.00
# Visual Studio Version 17
VisualStudioVersion = 17.7.34009.444
MinimumVisualStudioVersion = 10.0.40219.1
Project("{FAE04EC0-301F-11D3-BF4B-00C04F79EFBC}") = "MyProblems#1", "MyProblems#1\MyProblems#1.csproj", "{DA38DEE1-D771-446B-B178-D1A80E060FF1}"
EndProject
Global
	GlobalSection(SolutionConfigurationPlatforms) = preSolution
		Debug|Any CPU = Debug|Any CPU
		Release|Any CPU = Release|Any CPU
	EndGlobalSection
	GlobalSection(ProjectConfigurationPlatforms) = postSolution
		{DA38DEE1-D771-446B-B178-D1A80E060FF1}.Debug|Any CPU.ActiveCfg = Debug|Any CPU
		{DA38DEE1-D771-446B-B178-D1A80E060FF1}.Debug|Any CPU.Build.0 = Debug|Any CPU
		{DA38DEE1-D771-446B-B178-D1A80E060FF1}.Release|Any CPU.ActiveCfg = Release|Any CPU
		{DA38DEE1-D771-446B-B178-D1A80E060FF1}.Release|Any CPU.Build.0 = Release|Any CPU
	EndGlobalSection
	GlobalSection(SolutionProperties) = preSolution
		HideSolutionNode = FALSE
	EndGlobalSection
	GlobalSection(ExtensibilityGlobals) = postSolution
		SolutionGuid = {D1C0DFAF-92D9-4C49-B747-A9B44D920EA2}
	EndGlobalSection
EndGlobal
