
Microsoft Visual Studio Solution File, Format Version 12.00
# Visual Studio Version 17
VisualStudioVersion = 17.7.34009.444
MinimumVisualStudioVersion = 10.0.40219.1
Project("{FAE04EC0-301F-11D3-BF4B-00C04F79EFBC}") = "Classes & Modifiers", "Classes & Modifiers\Classes & Modifiers.csproj", "{3E1DB61F-5B94-4124-B19A-10BEE7E1EDD1}"
EndProject
Global
	GlobalSection(SolutionConfigurationPlatforms) = preSolution
		Debug|Any CPU = Debug|Any CPU
		Release|Any CPU = Release|Any CPU
	EndGlobalSection
	GlobalSection(ProjectConfigurationPlatforms) = postSolution
		{3E1DB61F-5B94-4124-B19A-10BEE7E1EDD1}.Debug|Any CPU.ActiveCfg = Debug|Any CPU
		{3E1DB61F-5B94-4124-B19A-10BEE7E1EDD1}.Debug|Any CPU.Build.0 = Debug|Any CPU
		{3E1DB61F-5B94-4124-B19A-10BEE7E1EDD1}.Release|Any CPU.ActiveCfg = Release|Any CPU
		{3E1DB61F-5B94-4124-B19A-10BEE7E1EDD1}.Release|Any CPU.Build.0 = Release|Any CPU
	EndGlobalSection
	GlobalSection(SolutionProperties) = preSolution
		HideSolutionNode = FALSE
	EndGlobalSection
	GlobalSection(ExtensibilityGlobals) = postSolution
		SolutionGuid = {CBBF82DF-DFEE-4934-A00B-E455C7615E60}
	EndGlobalSection
EndGlobal
